<?xml version="1.0" encoding="utf-8"?>
<Project ToolsVersion="4.0" xmlns="http://schemas.microsoft.com/developer/msbuild/2003">
  <ItemGroup>
    <Filter Include="Core">
      <UniqueIdentifier>{69e7136d-505e-4150-8452-4152638e48c1}</UniqueIdentifier>
    </Filter>
    <Filter Include="Handler">
      <UniqueIdentifier>{6c5324c0-d06f-46ae-9c66-0bcbd9d90633}</UniqueIdentifier>
    </Filter>
    <Filter Include="Update">
      <UniqueIdentifier>{fbb5af12-0450-4584-94aa-fdcbffb571e8}</UniqueIdentifier>
    </Filter>
    <Filter Include="Test">
      <UniqueIdentifier>{1140db25-2b01-49a5-bc3f-89469b3358a5}</UniqueIdentifier>
    </Filter>
    <Filter Include="Persistence">
      <UniqueIdentifier>{7f2a1e3d-9c4b-4a6e-8d1f-2b6c5e7a9d10}</UniqueIdentifier>
    </Filter>
    <Filter Include="Network">
      <UniqueIdentifier>{a3d8c1f0-5e6b-4d2a-9f3c-1e8b4a7d6c22}</UniqueIdentifier>
    </Filter>
  </ItemGroup>
  <ItemGroup>
    <ClCompile Include="Core\EventHandlerRegistry.cpp">
      <Filter>Core</Filter>
    </ClCompile>
    <ClCompile Include="Handlers\BingoEventHandler.cpp">
      <Filter>Handler</Filter>
    </ClCompile>
    <ClCompile Include="Handlers\HuntingEventHandler.cpp">
      <Filter>Handler</Filter>
    </ClCompile>
    <ClCompile Include="Handlers\MissionPassEventHandler.cpp">
      <Filter>Handler</Filter>
    </ClCompile>
    <ClCompile Include="Handlers\SiegeEveEventHandler.cpp">
      <Filter>Handler</Filter>
    </ClCompile>
    <ClCompile Include="Handlers\AttendanceEventHandler.cpp">
      <Filter>Handler</Filter>
    </ClCompile>
    <ClCompile Include="Handlers\BenedictionEventHandler.cpp">
      <Filter>Handler</Filter>
    </ClCompile>
    <ClCompile Include="Update\EventUpdateChecker.cpp">
      <Filter>Update</Filter>
    </ClCompile>
    <ClCompile Include="Test\main.cpp">
      <Filter>Test</Filter>
    </ClCompile>
    <ClCompile Include="Update\EventInfoPacketBuilder.cpp">
      <Filter>Update</Filter>
    </ClCompile>
    <ClCompile Include="Update\EventLoginSyncer.cpp">
      <Filter>Update</Filter>
    </ClCompile>
    <ClCompile Include="Persistence\AsyncDbJobQueue.cpp">
      <Filter>Persistence</Filter>
    </ClCompile>
    <ClCompile Include="Persistence\DbTypes.cpp">
      <Filter>Persistence</Filter>
    </ClCompile>
    <ClCompile Include="Persistence\EventDbBridge.cpp">
      <Filter>Persistence</Filter>
    </ClCompile>
    <ClCompile Include="Persistence\MySqlConnectionPool.cpp">
      <Filter>Persistence</Filter>
    </ClCompile>
    <ClCompile Include="Network\IoCompletionPort.cpp">
      <Filter>Network</Filter>
    </ClCompile>
    <ClCompile Include="Network\NetworkServer.cpp">
      <Filter>Network</Filter>
    </ClCompile>
    <ClCompile Include="Network\PacketRouter.cpp">
      <Filter>Network</Filter>
    </ClCompile>
    <ClCompile Include="Network\Session.cpp">
      <Filter>Network</Filter>
    </ClCompile>
  </ItemGroup>
  <ItemGroup>
    <ClInclude Include="Core\EventType.h">
      <Filter>Core</Filter>
    </ClInclude>
    <ClInclude Include="Core\IEventHandler.h">
      <Filter>Core</Filter>
    </ClInclude>
    <ClInclude Include="Core\EventContext.h">
      <Filter>Core</Filter>
    </ClInclude>
    <ClInclude Include="Core\EventDispatcher.h">
      <Filter>Core</Filter>
    </ClInclude>
    <ClInclude Include="Handlers\BingoEventHandler.h">
      <Filter>Handler</Filter>
    </ClInclude>
    <ClInclude Include="Handlers\HuntingEventHandler.h">
      <Filter>Handler</Filter>
    </ClInclude>
    <ClInclude Include="Handlers\MissionPassEventHandler.h">
      <Filter>Handler</Filter>
    </ClInclude>
    <ClInclude Include="Handlers\SiegeEveEventHandler.h">
      <Filter>Handler</Filter>
    </ClInclude>
    <ClInclude Include="Handlers\AttendanceEventHandler.h">
      <Filter>Handler</Filter>
    </ClInclude>
    <ClInclude Include="Handlers\BenedictionEventHandler.h">
      <Filter>Handler</Filter>
    </ClInclude>
    <ClInclude Include="Update\EventUpdateChecker.h">
      <Filter>Update</Filter>
    </ClInclude>
    <ClInclude Include="Core\EventHandlerRegistry.h">
      <Filter>Core</Filter>
    </ClInclude>
    <ClInclude Include="Core\GameTypes.h">
      <Filter>Core</Filter>
    </ClInclude>
    <ClInclude Include="Test\MockTypes.h">
      <Filter>Test</Filter>
    </ClInclude>
    <ClInclude Include="Update\EventInfoPacketBuilder.h">
      <Filter>Update</Filter>
    </ClInclude>
    <ClInclude Include="Update\EventLoginSyncer.h">
      <Filter>Update</Filter>
    </ClInclude>
    <ClInclude Include="Persistence\AsyncDbJobQueue.h">
      <Filter>Persistence</Filter>
    </ClInclude>
    <ClInclude Include="Persistence\DbTypes.h">
      <Filter>Persistence</Filter>
    </ClInclude>
    <ClInclude Include="Persistence\EventDbBridge.h">
      <Filter>Persistence</Filter>
    </ClInclude>
    <ClInclude Include="Persistence\MockDb.h">
      <Filter>Persistence</Filter>
    </ClInclude>
    <ClInclude Include="Persistence\MySqlConnectionPool.h">
      <Filter>Persistence</Filter>
    </ClInclude>
    <ClInclude Include="Network\IoCompletionPort.h">
      <Filter>Network</Filter>
    </ClInclude>
    <ClInclude Include="Network\IoContext.h">
      <Filter>Network</Filter>
    </ClInclude>
    <ClInclude Include="Network\NetworkServer.h">
      <Filter>Network</Filter>
    </ClInclude>
    <ClInclude Include="Network\PacketDefs.h">
      <Filter>Network</Filter>
    </ClInclude>
    <ClInclude Include="Network\PacketRouter.h">
      <Filter>Network</Filter>
    </ClInclude>
    <ClInclude Include="Network\Session.h">
      <Filter>Network</Filter>
    </ClInclude>
  </ItemGroup>
  <ItemGroup>
    <None Include="README.md" />
    <None Include="Test\PersistenceTest.cpp">
      <Filter>Test</Filter>
    </None>
  </ItemGroup>
</Project>