
Microsoft Visual Studio Solution File, Format Version 12.00
# Visual Studio 15
VisualStudioVersion = 15.0.37131.7
MinimumVisualStudioVersion = 10.0.40219.1
Project("{8BC9CEB8-8B4A-11D0-8D11-00A0C91BC942}") = "GameEventSystem", "GameEventSystem.vcxproj", "{FA782E21-2A5B-42B1-84ED-062D6B0762B1}"
EndProject
Global
	GlobalSection(SolutionConfigurationPlatforms) = preSolution
		Debug|x64 = Debug|x64
		Debug|x86 = Debug|x86
		Release|x64 = Release|x64
		Release|x86 = Release|x86
	EndGlobalSection
	GlobalSection(ProjectConfigurationPlatforms) = postSolution
		{FA782E21-2A5B-42B1-84ED-062D6B0762B1}.Debug|x64.ActiveCfg = Debug|x64
		{FA782E21-2A5B-42B1-84ED-062D6B0762B1}.Debug|x64.Build.0 = Debug|x64
		{FA782E21-2A5B-42B1-84ED-062D6B0762B1}.Debug|x86.ActiveCfg = Debug|Win32
		{FA782E21-2A5B-42B1-84ED-062D6B0762B1}.Debug|x86.Build.0 = Debug|Win32
		{FA782E21-2A5B-42B1-84ED-062D6B0762B1}.Release|x64.ActiveCfg = Release|x64
		{FA782E21-2A5B-42B1-84ED-062D6B0762B1}.Release|x64.Build.0 = Release|x64
		{FA782E21-2A5B-42B1-84ED-062D6B0762B1}.Release|x86.ActiveCfg = Release|Win32
		{FA782E21-2A5B-42B1-84ED-062D6B0762B1}.Release|x86.Build.0 = Release|Win32
	EndGlobalSection
	GlobalSection(SolutionProperties) = preSolution
		HideSolutionNode = FALSE
	EndGlobalSection
	GlobalSection(ExtensibilityGlobals) = postSolution
		SolutionGuid = {C9813F95-B530-4097-AB44-BAEDB5FCB379}
	EndGlobalSection
EndGlobal
